
Microsoft Visual Studio Solution File, Format Version 12.00
# Visual Studio Version 17
VisualStudioVersion = 17.0.31903.59
MinimumVisualStudioVersion = 10.0.40219.1
Project("{2150E333-8FDC-42A3-9474-1A3956D46DE8}") = "Backend", "Backend", "{1AE8ACA6-933B-BF2A-3671-3E2EAC007D16}"
EndProject
Project("{9A19103F-16F7-4668-BE54-9A1E7A4F7556}") = "AI CareerBuddy-APILayer", "Backend\AI CareerBuddy Backend\AI CareerBuddy-APILayer.csproj", "{11222290-1E7B-44FE-81A4-996F83994FD1}"
EndProject
Project("{9A19103F-16F7-4668-BE54-9A1E7A4F7556}") = "AICareerBuddy-BussinesLogicLayer", "AICareerBuddy-BussinesLayer\AICareerBuddy-BussinesLogicLayer.csproj", "{58AFE250-C71B-4E19-97B1-2A1C2FB38257}"
EndProject
Project("{9A19103F-16F7-4668-BE54-9A1E7A4F7556}") = "AICareerBuddy-DataAccessLayer", "AICareerBuddy-DataAccessLayer\AICareerBuddy-DataAccessLayer.csproj", "{96C218ED-7D45-404A-996A-BE683024A265}"
EndProject
Project("{9A19103F-16F7-4668-BE54-9A1E7A4F7556}") = "AICareerBuddy-Entities", "AICareerBuddy-Entities\AICareerBuddy-Entities.csproj", "{B9032570-69F2-4776-9A35-D94D595CE36C}"
EndProject
Global
	GlobalSection(SolutionConfigurationPlatforms) = preSolution
		Debug|Any CPU = Debug|Any CPU
		Debug|x64 = Debug|x64
		Debug|x86 = Debug|x86
		Release|Any CPU = Release|Any CPU
		Release|x64 = Release|x64
		Release|x86 = Release|x86
	EndGlobalSection
	GlobalSection(ProjectConfigurationPlatforms) = postSolution
		{11222290-1E7B-44FE-81A4-996F83994FD1}.Debug|Any CPU.ActiveCfg = Debug|Any CPU
		{11222290-1E7B-44FE-81A4-996F83994FD1}.Debug|Any CPU.Build.0 = Debug|Any CPU
		{11222290-1E7B-44FE-81A4-996F83994FD1}.Debug|x64.ActiveCfg = Debug|Any CPU
		{11222290-1E7B-44FE-81A4-996F83994FD1}.Debug|x64.Build.0 = Debug|Any CPU
		{11222290-1E7B-44FE-81A4-996F83994FD1}.Debug|x86.ActiveCfg = Debug|Any CPU
		{11222290-1E7B-44FE-81A4-996F83994FD1}.Debug|x86.Build.0 = Debug|Any CPU
		{11222290-1E7B-44FE-81A4-996F83994FD1}.Release|Any CPU.ActiveCfg = Release|Any CPU
		{11222290-1E7B-44FE-81A4-996F83994FD1}.Release|Any CPU.Build.0 = Release|Any CPU
		{11222290-1E7B-44FE-81A4-996F83994FD1}.Release|x64.ActiveCfg = Release|Any CPU
		{11222290-1E7B-44FE-81A4-996F83994FD1}.Release|x64.Build.0 = Release|Any CPU
		{11222290-1E7B-44FE-81A4-996F83994FD1}.Release|x86.ActiveCfg = Release|Any CPU
		{11222290-1E7B-44FE-81A4-996F83994FD1}.Release|x86.Build.0 = Release|Any CPU
		{58AFE250-C71B-4E19-97B1-2A1C2FB38257}.Debug|Any CPU.ActiveCfg = Debug|Any CPU
		{58AFE250-C71B-4E19-97B1-2A1C2FB38257}.Debug|Any CPU.Build.0 = Debug|Any CPU
		{58AFE250-C71B-4E19-97B1-2A1C2FB38257}.Debug|x64.ActiveCfg = Debug|Any CPU
		{58AFE250-C71B-4E19-97B1-2A1C2FB38257}.Debug|x64.Build.0 = Debug|Any CPU
		{58AFE250-C71B-4E19-97B1-2A1C2FB38257}.Debug|x86.ActiveCfg = Debug|Any CPU
		{58AFE250-C71B-4E19-97B1-2A1C2FB38257}.Debug|x86.Build.0 = Debug|Any CPU
		{58AFE250-C71B-4E19-97B1-2A1C2FB38257}.Release|Any CPU.ActiveCfg = Release|Any CPU
		{58AFE250-C71B-4E19-97B1-2A1C2FB38257}.Release|Any CPU.Build.0 = Release|Any CPU
		{58AFE250-C71B-4E19-97B1-2A1C2FB38257}.Release|x64.ActiveCfg = Release|Any CPU
		{58AFE250-C71B-4E19-97B1-2A1C2FB38257}.Release|x64.Build.0 = Release|Any CPU
		{58AFE250-C71B-4E19-97B1-2A1C2FB38257}.Release|x86.ActiveCfg = Release|Any CPU
		{58AFE250-C71B-4E19-97B1-2A1C2FB38257}.Release|x86.Build.0 = Release|Any CPU
		{96C218ED-7D45-404A-996A-BE683024A265}.Debug|Any CPU.ActiveCfg = Debug|Any CPU
		{96C218ED-7D45-404A-996A-BE683024A265}.Debug|Any CPU.Build.0 = Debug|Any CPU
		{96C218ED-7D45-404A-996A-BE683024A265}.Debug|x64.ActiveCfg = Debug|Any CPU
		{96C218ED-7D45-404A-996A-BE683024A265}.Debug|x64.Build.0 = Debug|Any CPU
		{96C218ED-7D45-404A-996A-BE683024A265}.Debug|x86.ActiveCfg = Debug|Any CPU
		{96C218ED-7D45-404A-996A-BE683024A265}.Debug|x86.Build.0 = Debug|Any CPU
		{96C218ED-7D45-404A-996A-BE683024A265}.Release|Any CPU.ActiveCfg = Release|Any CPU
		{96C218ED-7D45-404A-996A-BE683024A265}.Release|Any CPU.Build.0 = Release|Any CPU
		{96C218ED-7D45-404A-996A-BE683024A265}.Release|x64.ActiveCfg = Release|Any CPU
		{96C218ED-7D45-404A-996A-BE683024A265}.Release|x64.Build.0 = Release|Any CPU
		{96C218ED-7D45-404A-996A-BE683024A265}.Release|x86.ActiveCfg = Release|Any CPU
		{96C218ED-7D45-404A-996A-BE683024A265}.Release|x86.Build.0 = Release|Any CPU
		{B9032570-69F2-4776-9A35-D94D595CE36C}.Debug|Any CPU.ActiveCfg = Debug|Any CPU
		{B9032570-69F2-4776-9A35-D94D595CE36C}.Debug|Any CPU.Build.0 = Debug|Any CPU
		{B9032570-69F2-4776-9A35-D94D595CE36C}.Debug|x64.ActiveCfg = Debug|Any CPU
		{B9032570-69F2-4776-9A35-D94D595CE36C}.Debug|x64.Build.0 = Debug|Any CPU
		{B9032570-69F2-4776-9A35-D94D595CE36C}.Debug|x86.ActiveCfg = Debug|Any CPU
		{B9032570-69F2-4776-9A35-D94D595CE36C}.Debug|x86.Build.0 = Debug|Any CPU
		{B9032570-69F2-4776-9A35-D94D595CE36C}.Release|Any CPU.ActiveCfg = Release|Any CPU
		{B9032570-69F2-4776-9A35-D94D595CE36C}.Release|Any CPU.Build.0 = Release|Any CPU
		{B9032570-69F2-4776-9A35-D94D595CE36C}.Release|x64.ActiveCfg = Release|Any CPU
		{B9032570-69F2-4776-9A35-D94D595CE36C}.Release|x64.Build.0 = Release|Any CPU
		{B9032570-69F2-4776-9A35-D94D595CE36C}.Release|x86.ActiveCfg = Release|Any CPU
		{B9032570-69F2-4776-9A35-D94D595CE36C}.Release|x86.Build.0 = Release|Any CPU
	EndGlobalSection
	GlobalSection(SolutionProperties) = preSolution
		HideSolutionNode = FALSE
	EndGlobalSection
	GlobalSection(NestedProjects) = preSolution
		{11222290-1E7B-44FE-81A4-996F83994FD1} = {1AE8ACA6-933B-BF2A-3671-3E2EAC007D16}
		{58AFE250-C71B-4E19-97B1-2A1C2FB38257} = {1AE8ACA6-933B-BF2A-3671-3E2EAC007D16}
		{96C218ED-7D45-404A-996A-BE683024A265} = {1AE8ACA6-933B-BF2A-3671-3E2EAC007D16}
		{B9032570-69F2-4776-9A35-D94D595CE36C} = {1AE8ACA6-933B-BF2A-3671-3E2EAC007D16}
	EndGlobalSection
	GlobalSection(ExtensibilityGlobals) = postSolution
		SolutionGuid = {297C01FD-DFB6-412D-A261-D5B1331DB12F}
	EndGlobalSection
EndGlobal
